// !$*UTF8*$!
{
	archiveVersion = 1;
	classes = {
	};
	objectVersion = 50;
	objects = {

/* Begin PBXBuildFile section */
		135FE278238797320003DD94 /* AppDelegate.swift in Sources */ = {isa = PBXBuildFile; fileRef = 135FE277238797320003DD94 /* AppDelegate.swift */; };
		135FE27A238797320003DD94 /* SceneDelegate.swift in Sources */ = {isa = PBXBuildFile; fileRef = 135FE279238797320003DD94 /* SceneDelegate.swift */; };
		135FE27C238797320003DD94 /* ViewController.swift in Sources */ = {isa = PBXBuildFile; fileRef = 135FE27B238797320003DD94 /* ViewController.swift */; };
		135FE27F238797320003DD94 /* Main.storyboard in Resources */ = {isa = PBXBuildFile; fileRef = 135FE27D238797320003DD94 /* Main.storyboard */; };
		135FE281238797350003DD94 /* Assets.xcassets in Resources */ = {isa = PBXBuildFile; fileRef = 135FE280238797350003DD94 /* Assets.xcassets */; };
		135FE284238797350003DD94 /* LaunchScreen.storyboard in Resources */ = {isa = PBXBuildFile; fileRef = 135FE282238797350003DD94 /* LaunchScreen.storyboard */; };
		135FE28E23879D480003DD94 /* DetailedViewController.swift in Sources */ = {isa = PBXBuildFile; fileRef = 135FE28D23879D480003DD94 /* DetailedViewController.swift */; };
		135FE2902387A5080003DD94 /* Items.swift in Sources */ = {isa = PBXBuildFile; fileRef = 135FE28F2387A5080003DD94 /* Items.swift */; };
/* End PBXBuildFile section */

/* Begin PBXFileReference section */
		135FE274238797320003DD94 /* Grocery List.app */ = {isa = PBXFileReference; explicitFileType = wrapper.application; includeInIndex = 0; path = "Grocery List.app"; sourceTree = BUILT_PRODUCTS_DIR; };
		135FE277238797320003DD94 /* AppDelegate.swift */ = {isa = PBXFileReference; lastKnownFileType = sourcecode.swift; path = AppDelegate.swift; sourceTree = "<group>"; };
		135FE279238797320003DD94 /* SceneDelegate.swift */ = {isa = PBXFileReference; lastKnownFileType = sourcecode.swift; path = SceneDelegate.swift; sourceTree = "<group>"; };
		135FE27B238797320003DD94 /* ViewController.swift */ = {isa = PBXFileReference; lastKnownFileType = sourcecode.swift; path = ViewController.swift; sourceTree = "<group>"; };
		135FE27E238797320003DD94 /* Base */ = {isa = PBXFileReference; lastKnownFileType = file.storyboard; name = Base; path = Base.lproj/Main.storyboard; sourceTree = "<group>"; };
		135FE280238797350003DD94 /* Assets.xcassets */ = {isa = PBXFileReference; lastKnownFileType = folder.assetcatalog; path = Assets.xcassets; sourceTree = "<group>"; };
		135FE283238797350003DD94 /* Base */ = {isa = PBXFileReference; lastKnownFileType = file.storyboard; name = Base; path = Base.lproj/LaunchScreen.storyboard; sourceTree = "<group>"; };
		135FE285238797350003DD94 /* Info.plist */ = {isa = PBXFileReference; lastKnownFileType = text.plist.xml; path = Info.plist; sourceTree = "<group>"; };
		135FE28D23879D480003DD94 /* DetailedViewController.swift */ = {isa = PBXFileReference; lastKnownFileType = sourcecode.swift; path = DetailedViewController.swift; sourceTree = "<group>"; };
		135FE28F2387A5080003DD94 /* Items.swift */ = {isa = PBXFileReference; lastKnownFileType = sourcecode.swift; path = Items.swift; sourceTree = "<group>"; };
/* End PBXFileReference section */

/* Begin PBXFrameworksBuildPhase section */
		135FE271238797320003DD94 /* Frameworks */ = {
			isa = PBXFrameworksBuildPhase;
			buildActionMask = 2147483647;
			files = (
			);
			runOnlyForDeploymentPostprocessing = 0;
		};
/* End PBXFrameworksBuildPhase section */

/* Begin PBXGroup section */
		135FE26B238797320003DD94 = {
			isa = PBXGroup;
			children = (
				135FE276238797320003DD94 /* Grocery List */,
				135FE275238797320003DD94 /* Products */,
			);
			sourceTree = "<group>";
		};
		135FE275238797320003DD94 /* Products */ = {
			isa = PBXGroup;
			children = (
				135FE274238797320003DD94 /* Grocery List.app */,
			);
			name = Products;
			sourceTree = "<group>";
		};
		135FE276238797320003DD94 /* Grocery List */ = {
			isa = PBXGroup;
			children = (
				135FE277238797320003DD94 /* AppDelegate.swift */,
				135FE279238797320003DD94 /* SceneDelegate.swift */,
				135FE27B238797320003DD94 /* ViewController.swift */,
				135FE27D238797320003DD94 /* Main.storyboard */,
				135FE28D23879D480003DD94 /* DetailedViewController.swift */,
				135FE28F2387A5080003DD94 /* Items.swift */,
				135FE280238797350003DD94 /* Assets.xcassets */,
				135FE282238797350003DD94 /* LaunchScreen.storyboard */,
				135FE285238797350003DD94 /* Info.plist */,
			);
			path = "Grocery List";
			sourceTree = "<group>";
		};
/* End PBXGroup section */

/* Begin PBXNativeTarget section */
		135FE273238797320003DD94 /* Grocery List */ = {
			isa = PBXNativeTarget;
			buildConfigurationList = 135FE288238797350003DD94 /* Build configuration list for PBXNativeTarget "Grocery List" */;
			buildPhases = (
				135FE270238797320003DD94 /* Sources */,
				135FE271238797320003DD94 /* Frameworks */,
				135FE272238797320003DD94 /* Resources */,
			);
			buildRules = (
			);
			dependencies = (
			);
			name = "Grocery List";
			productName = "Grocery List";
			productReference = 135FE274238797320003DD94 /* Grocery List.app */;
			productType = "com.apple.product-type.application";
		};
/* End PBXNativeTarget section */

/* Begin PBXProject section */
		135FE26C238797320003DD94 /* Project object */ = {
			isa = PBXProject;
			attributes = {
				LastSwiftUpdateCheck = 1120;
				LastUpgradeCheck = 1120;
				ORGANIZATIONNAME = "Christian Hurtado";
				TargetAttributes = {
					135FE273238797320003DD94 = {
						CreatedOnToolsVersion = 11.2;
					};
				};
			};
			buildConfigurationList = 135FE26F238797320003DD94 /* Build configuration list for PBXProject "Grocery List" */;
			compatibilityVersion = "Xcode 9.3";
			developmentRegion = en;
			hasScannedForEncodings = 0;
			knownRegions = (
				en,
				Base,
			);
			mainGroup = 135FE26B238797320003DD94;
			productRefGroup = 135FE275238797320003DD94 /* Products */;
			projectDirPath = "";
			projectRoot = "";
			targets = (
				135FE273238797320003DD94 /* Grocery List */,
			);
		};
/* End PBXProject section */

/* Begin PBXResourcesBuildPhase section */
		135FE272238797320003DD94 /* Resources */ = {
			isa = PBXResourcesBuildPhase;
			buildActionMask = 2147483647;
			files = (
				135FE284238797350003DD94 /* LaunchScreen.storyboard in Resources */,
				135FE281238797350003DD94 /* Assets.xcassets in Resources */,
				135FE27F238797320003DD94 /* Main.storyboard in Resources */,
			);
			runOnlyForDeploymentPostprocessing = 0;
		};
/* End PBXResourcesBuildPhase section */

/* Begin PBXSourcesBuildPhase section */
		135FE270238797320003DD94 /* Sources */ = {
			isa = PBXSourcesBuildPhase;
			buildActionMask = 2147483647;
			files = (
				135FE27C238797320003DD94 /* ViewController.swift in Sources */,
				135FE2902387A5080003DD94 /* Items.swift in Sources */,
				135FE278238797320003DD94 /* AppDelegate.swift in Sources */,
				135FE28E23879D480003DD94 /* DetailedViewController.swift in Sources */,
				135FE27A238797320003DD94 /* SceneDelegate.swift in Sources */,
			);
			runOnlyForDeploymentPostprocessing = 0;
		};
/* End PBXSourcesBuildPhase section */

/* Begin PBXVariantGroup section */
		135FE27D238797320003DD94 /* Main.storyboard */ = {
			isa = PBXVariantGroup;
			children = (
				135FE27E238797320003DD94 /* Base */,
			);
			name = Main.storyboard;
			sourceTree = "<group>";
		};
		135FE282238797350003DD94 /* LaunchScreen.storyboard */ = {
			isa = PBXVariantGroup;
			children = (
				135FE283238797350003DD94 /* Base */,
			);
			name = LaunchScreen.storyboard;
			sourceTree = "<group>";
		};
/* End PBXVariantGroup section */

/* Begin XCBuildConfiguration section */
		135FE286238797350003DD94 /* Debug */ = {
			isa = XCBuildConfiguration;
			buildSettings = {
				ALWAYS_SEARCH_USER_PATHS = NO;
				CLANG_ANALYZER_NONNULL = YES;
				CLANG_ANALYZER_NUMBER_OBJECT_CONVERSION = YES_AGGRESSIVE;
				CLANG_CXX_LANGUAGE_STANDARD = "gnu++14";
				CLANG_CXX_LIBRARY = "libc++";
				CLANG_ENABLE_MODULES = YES;
				CLANG_ENABLE_OBJC_ARC = YES;
				CLANG_ENABLE_OBJC_WEAK = YES;
				CLANG_WARN_BLOCK_CAPTURE_AUTORELEASING = YES;
				CLANG_WARN_BOOL_CONVERSION = YES;
				CLANG_WARN_COMMA = YES;
				CLANG_WARN_CONSTANT_CONVERSION = YES;
				CLANG_WARN_DEPRECATED_OBJC_IMPLEMENTATIONS = YES;
				CLANG_WARN_DIRECT_OBJC_ISA_USAGE = YES_ERROR;
				CLANG_WARN_DOCUMENTATION_COMMENTS = YES;
				CLANG_WARN_EMPTY_BODY = YES;
				CLANG_WARN_ENUM_CONVERSION = YES;
				CLANG_WARN_INFINITE_RECURSION = YES;
				CLANG_WARN_INT_CONVERSION = YES;
				CLANG_WARN_NON_LITERAL_NULL_CONVERSION = YES;
				CLANG_WARN_OBJC_IMPLICIT_RETAIN_SELF = YES;
				CLANG_WARN_OBJC_LITERAL_CONVERSION = YES;
				CLANG_WARN_OBJC_ROOT_CLASS = YES_ERROR;
				CLANG_WARN_RANGE_LOOP_ANALYSIS = YES;
				CLANG_WARN_STRICT_PROTOTYPES = YES;
				CLANG_WARN_SUSPICIOUS_MOVE = YES;
				CLANG_WARN_UNGUARDED_AVAILABILITY = YES_AGGRESSIVE;
				CLANG_WARN_UNREACHABLE_CODE = YES;
				CLANG_WARN__DUPLICATE_METHOD_MATCH = YES;
				COPY_PHASE_STRIP = NO;
				DEBUG_INFORMATION_FORMAT = dwarf;
				ENABLE_STRICT_OBJC_MSGSEND = YES;
				ENABLE_TESTABILITY = YES;
				GCC_C_LANGUAGE_STANDARD = gnu11;
				GCC_DYNAMIC_NO_PIC = NO;
				GCC_NO_COMMON_BLOCKS = YES;
				GCC_OPTIMIZATION_LEVEL = 0;
				GCC_PREPROCESSOR_DEFINITIONS = (
					"DEBUG=1",
					"$(inherited)",
				);
				GCC_WARN_64_TO_32_BIT_CONVERSION = YES;
				GCC_WARN_ABOUT_RETURN_TYPE = YES_ERROR;
				GCC_WARN_UNDECLARED_SELECTOR = YES;
				GCC_WARN_UNINITIALIZED_AUTOS = YES_AGGRESSIVE;
				GCC_WARN_UNUSED_FUNCTION = YES;
				GCC_WARN_UNUSED_VARIABLE = YES;
				IPHONEOS_DEPLOYMENT_TARGET = 13.2;
				MTL_ENABLE_DEBUG_INFO = INCLUDE_SOURCE;
				MTL_FAST_MATH = YES;
				ONLY_ACTIVE_ARCH = YES;
				SDKROOT = iphoneos;
				SWIFT_ACTIVE_COMPILATION_CONDITIONS = DEBUG;
				SWIFT_OPTIMIZATION_LEVEL = "-Onone";
			};
			name = Debug;
		};
		135FE287238797350003DD94 /* Release */ = {
			isa = XCBuildConfiguration;
			buildSettings = {
				ALWAYS_SEARCH_USER_PATHS = NO;
				CLANG_ANALYZER_NONNULL = YES;
				CLANG_ANALYZER_NUMBER_OBJECT_CONVERSION = YES_AGGRESSIVE;
				CLANG_CXX_LANGUAGE_STANDARD = "gnu++14";
				CLANG_CXX_LIBRARY = "libc++";
				CLANG_ENABLE_MODULES = YES;
				CLANG_ENABLE_OBJC_ARC = YES;
				CLANG_ENABLE_OBJC_WEAK = YES;
				CLANG_WARN_BLOCK_CAPTURE_AUTORELEASING = YES;
				CLANG_WARN_BOOL_CONVERSION = YES;
				CLANG_WARN_COMMA = YES;
				CLANG_WARN_CONSTANT_CONVERSION = YES;
				CLANG_WARN_DEPRECATED_OBJC_IMPLEMENTATIONS = YES;
				CLANG_WARN_DIRECT_OBJC_ISA_USAGE = YES_ERROR;
				CLANG_WARN_DOCUMENTATION_COMMENTS = YES;
				CLANG_WARN_EMPTY_BODY = YES;
				CLANG_WARN_ENUM_CONVERSION = YES;
				CLANG_WARN_INFINITE_RECURSION = YES;
				CLANG_WARN_INT_CONVERSION = YES;
				CLANG_WARN_NON_LITERAL_NULL_CONVERSION = YES;
				CLANG_WARN_OBJC_IMPLICIT_RETAIN_SELF = YES;
				CLANG_WARN_OBJC_LITERAL_CONVERSION = YES;
				CLANG_WARN_OBJC_ROOT_CLASS = YES_ERROR;
				CLANG_WARN_RANGE_LOOP_ANALYSIS = YES;
				CLANG_WARN_STRICT_PROTOTYPES = YES;
				CLANG_WARN_SUSPICIOUS_MOVE = YES;
				CLANG_WARN_UNGUARDED_AVAILABILITY = YES_AGGRESSIVE;
				CLANG_WARN_UNREACHABLE_CODE = YES;
				CLANG_WARN__DUPLICATE_METHOD_MATCH = YES;
				COPY_PHASE_STRIP = NO;
				DEBUG_INFORMATION_FORMAT = "dwarf-with-dsym";
				ENABLE_NS_ASSERTIONS = NO;
				ENABLE_STRICT_OBJC_MSGSEND = YES;
				GCC_C_LANGUAGE_STANDARD = gnu11;
				GCC_NO_COMMON_BLOCKS = YES;
				GCC_WARN_64_TO_32_BIT_CONVERSION = YES;
				GCC_WARN_ABOUT_RETURN_TYPE = YES_ERROR;
				GCC_WARN_UNDECLARED_SELECTOR = YES;
				GCC_WARN_UNINITIALIZED_AUTOS = YES_AGGRESSIVE;
				GCC_WARN_UNUSED_FUNCTION = YES;
				GCC_WARN_UNUSED_VARIABLE = YES;
				IPHONEOS_DEPLOYMENT_TARGET = 13.2;
				MTL_ENABLE_DEBUG_INFO = NO;
				MTL_FAST_MATH = YES;
				SDKROOT = iphoneos;
				SWIFT_COMPILATION_MODE = wholemodule;
				SWIFT_OPTIMIZATION_LEVEL = "-O";
				VALIDATE_PRODUCT = YES;
			};
			name = Release;
		};
		135FE289238797350003DD94 /* Debug */ = {
			isa = XCBuildConfiguration;
			buildSettings = {
				ASSETCATALOG_COMPILER_APPICON_NAME = AppIcon;
				CODE_SIGN_STYLE = Automatic;
				DEVELOPMENT_TEAM = 5YYJ8TDUCW;
				INFOPLIST_FILE = "Grocery List/Info.plist";
				LD_RUNPATH_SEARCH_PATHS = (
					"$(inherited)",
					"@executable_path/Frameworks",
				);
				PRODUCT_BUNDLE_IDENTIFIER = "com.christianhurtado.Grocery-List";
				PRODUCT_NAME = "$(TARGET_NAME)";
				SWIFT_VERSION = 5.0;
				TARGETED_DEVICE_FAMILY = "1,2";
			};
			name = Debug;
		};
		135FE28A238797350003DD94 /* Release */ = {
			isa = XCBuildConfiguration;
			buildSettings = {
				ASSETCATALOG_COMPILER_APPICON_NAME = AppIcon;
				CODE_SIGN_STYLE = Automatic;
				DEVELOPMENT_TEAM = 5YYJ8TDUCW;
				INFOPLIST_FILE = "Grocery List/Info.plist";
				LD_RUNPATH_SEARCH_PATHS = (
					"$(inherited)",
					"@executable_path/Frameworks",
				);
				PRODUCT_BUNDLE_IDENTIFIER = "com.christianhurtado.Grocery-List";
				PRODUCT_NAME = "$(TARGET_NAME)";
				SWIFT_VERSION = 5.0;
				TARGETED_DEVICE_FAMILY = "1,2";
			};
			name = Release;
		};
/* End XCBuildConfiguration section */

/* Begin XCConfigurationList section */
		135FE26F238797320003DD94 /* Build configuration list for PBXProject "Grocery List" */ = {
			isa = XCConfigurationList;
			buildConfigurations = (
				135FE286238797350003DD94 /* Debug */,
				135FE287238797350003DD94 /* Release */,
			);
			defaultConfigurationIsVisible = 0;
			defaultConfigurationName = Release;
		};
		135FE288238797350003DD94 /* Build configuration list for PBXNativeTarget "Grocery List" */ = {
			isa = XCConfigurationList;
			buildConfigurations = (
				135FE289238797350003DD94 /* Debug */,
				135FE28A238797350003DD94 /* Release */,
			);
			defaultConfigurationIsVisible = 0;
			defaultConfigurationName = Release;
		};
/* End XCConfigurationList section */
	};
	rootObject = 135FE26C238797320003DD94 /* Project object */;
}
